# THIS IS AN AUTOGENERATED FILE. DO NOT EDIT THIS FILE DIRECTLY.
# yarn lockfile v1


consola@^2.15.0:
  version "2.15.0"
  resolved "https://npm.primesystems.ch/consola/-/consola-2.15.0.tgz#40fc4eefa4d2f8ef2e2806147f056ea207fcc0e9"
  integrity sha512-vlcSGgdYS26mPf7qNi+dCisbhiyDnrN1zaRbw3CSuc2wGOMEGGPsp46PdRG5gqXwgtJfjxDkxRNAgRPr1B77vQ==
